
Microsoft Visual Studio Solution File, Format Version 12.00
# Visual Studio 15
VisualStudioVersion = 15.0.28307.168
MinimumVisualStudioVersion = 10.0.40219.1
Project("{D954291E-2A0B-460D-934E-DC6B0785DB48}") = "lab9", "lab9\lab9.shproj", "{C3552300-BBE4-45E6-8B79-3D020730815C}"
EndProject
Global
	GlobalSection(SharedMSBuildProjectFiles) = preSolution
		lab9\lab9.projitems*{c3552300-bbe4-45e6-8b79-3d020730815c}*SharedItemsImports = 13
	EndGlobalSection
	GlobalSection(SolutionProperties) = preSolution
		HideSolutionNode = FALSE
	EndGlobalSection
	GlobalSection(ExtensibilityGlobals) = postSolution
		SolutionGuid = {633A51E9-F880-47B3-AADD-A8B552EB709F}
	EndGlobalSection
EndGlobal
